
Microsoft Visual Studio Solution File, Format Version 12.00
# Visual Studio Version 17
VisualStudioVersion = 17.0.31903.59
MinimumVisualStudioVersion = 10.0.40219.1
Project("{FAE04EC0-301F-11D3-BF4B-00C04F79EFBC}") = "prviZadatak", "prviZadatak.csproj", "{333C8530-F678-4435-8FC8-590DD10DDBD5}"
EndProject
Global
	GlobalSection(SolutionConfigurationPlatforms) = preSolution
		Debug|Any CPU = Debug|Any CPU
		Release|Any CPU = Release|Any CPU
	EndGlobalSection
	GlobalSection(ProjectConfigurationPlatforms) = postSolution
		{333C8530-F678-4435-8FC8-590DD10DDBD5}.Debug|Any CPU.ActiveCfg = Debug|Any CPU
		{333C8530-F678-4435-8FC8-590DD10DDBD5}.Debug|Any CPU.Build.0 = Debug|Any CPU
		{333C8530-F678-4435-8FC8-590DD10DDBD5}.Release|Any CPU.ActiveCfg = Release|Any CPU
		{333C8530-F678-4435-8FC8-590DD10DDBD5}.Release|Any CPU.Build.0 = Release|Any CPU
	EndGlobalSection
	GlobalSection(SolutionProperties) = preSolution
		HideSolutionNode = FALSE
	EndGlobalSection
	GlobalSection(ExtensibilityGlobals) = postSolution
		SolutionGuid = {770994FB-1315-474A-AFA3-DD876C5620D4}
	EndGlobalSection
EndGlobal
